{
  "lockfileVersion": 1,
  "configVersion": 1,
  "workspaces": {
    "": {
      "name": "github-readme-site",
      "dependencies": {
        "@resvg/resvg-js": "^2.6.2",
        "marked": "^18.0.5",
        "marked-alert": "^2.1.2",
        "marked-footnote": "^1.4.0",
        "marked-shiki": "^1.2.1",
        "marked-smartypants": "^1.1.12",
        "satori": "^0.26.0",
        "shiki": "^4.2.0",
      },
      "devDependencies": {
        "@fontsource/lexend": "^5.2.11",
      },
    },
  },
  "packages": {
    "@fontsource/lexend": ["@fontsource/lexend@5.2.11", "", {}, "sha512-bShbQr2g2sWl7GJNyIxdllZST1faVbebXN6H7AEEDCRms/g4orDLxWnmTVodOtiErdZVUJURq4jpafZ34nIkTw=="],

    "@resvg/resvg-js": ["@resvg/resvg-js@2.6.2", "", { "optionalDependencies": { "@resvg/resvg-js-android-arm-eabi": "2.6.2", "@resvg/resvg-js-android-arm64": "2.6.2", "@resvg/resvg-js-darwin-arm64": "2.6.2", "@resvg/resvg-js-darwin-x64": "2.6.2", "@resvg/resvg-js-linux-arm-gnueabihf": "2.6.2", "@resvg/resvg-js-linux-arm64-gnu": "2.6.2", "@resvg/resvg-js-linux-arm64-musl": "2.6.2", "@resvg/resvg-js-linux-x64-gnu": "2.6.2", "@resvg/resvg-js-linux-x64-musl": "2.6.2", "@resvg/resvg-js-win32-arm64-msvc": "2.6.2", "@resvg/resvg-js-win32-ia32-msvc": "2.6.2", "@resvg/resvg-js-win32-x64-msvc": "2.6.2" } }, "sha512-xBaJish5OeGmniDj9cW5PRa/PtmuVU3ziqrbr5xJj901ZDN4TosrVaNZpEiLZAxdfnhAe7uQ7QFWfjPe9d9K2Q=="],

    "@resvg/resvg-js-android-arm-eabi": ["@resvg/resvg-js-android-arm-eabi@2.6.2", "", { "os": "android", "cpu": "arm" }, "sha512-FrJibrAk6v29eabIPgcTUMPXiEz8ssrAk7TXxsiZzww9UTQ1Z5KAbFJs+Z0Ez+VZTYgnE5IQJqBcoSiMebtPHA=="],

    "@resvg/resvg-js-android-arm64": ["@resvg/resvg-js-android-arm64@2.6.2", "", { "os": "android", "cpu": "arm64" }, "sha512-VcOKezEhm2VqzXpcIJoITuvUS/fcjIw5NA/w3tjzWyzmvoCdd+QXIqy3FBGulWdClvp4g+IfUemigrkLThSjAQ=="],

    "@resvg/resvg-js-darwin-arm64": ["@resvg/resvg-js-darwin-arm64@2.6.2", "", { "os": "darwin", "cpu": "arm64" }, "sha512-nmok2LnAd6nLUKI16aEB9ydMC6Lidiiq2m1nEBDR1LaaP7FGs4AJ90qDraxX+CWlVuRlvNjyYJTNv8qFjtL9+A=="],

    "@resvg/resvg-js-darwin-x64": ["@resvg/resvg-js-darwin-x64@2.6.2", "", { "os": "darwin", "cpu": "x64" }, "sha512-GInyZLjgWDfsVT6+SHxQVRwNzV0AuA1uqGsOAW+0th56J7Nh6bHHKXHBWzUrihxMetcFDmQMAX1tZ1fZDYSRsw=="],

    "@resvg/resvg-js-linux-arm-gnueabihf": ["@resvg/resvg-js-linux-arm-gnueabihf@2.6.2", "", { "os": "linux", "cpu": "arm" }, "sha512-YIV3u/R9zJbpqTTNwTZM5/ocWetDKGsro0SWp70eGEM9eV2MerWyBRZnQIgzU3YBnSBQ1RcxRZvY/UxwESfZIw=="],

    "@resvg/resvg-js-linux-arm64-gnu": ["@resvg/resvg-js-linux-arm64-gnu@2.6.2", "", { "os": "linux", "cpu": "arm64" }, "sha512-zc2BlJSim7YR4FZDQ8OUoJg5holYzdiYMeobb9pJuGDidGL9KZUv7SbiD4E8oZogtYY42UZEap7dqkkYuA91pg=="],

    "@resvg/resvg-js-linux-arm64-musl": ["@resvg/resvg-js-linux-arm64-musl@2.6.2", "", { "os": "linux", "cpu": "arm64" }, "sha512-3h3dLPWNgSsD4lQBJPb4f+kvdOSJHa5PjTYVsWHxLUzH4IFTJUAnmuWpw4KqyQ3NA5QCyhw4TWgxk3jRkQxEKg=="],

    "@resvg/resvg-js-linux-x64-gnu": ["@resvg/resvg-js-linux-x64-gnu@2.6.2", "", { "os": "linux", "cpu": "x64" }, "sha512-IVUe+ckIerA7xMZ50duAZzwf1U7khQe2E0QpUxu5MBJNao5RqC0zwV/Zm965vw6D3gGFUl7j4m+oJjubBVoftw=="],

    "@resvg/resvg-js-linux-x64-musl": ["@resvg/resvg-js-linux-x64-musl@2.6.2", "", { "os": "linux", "cpu": "x64" }, "sha512-UOf83vqTzoYQO9SZ0fPl2ZIFtNIz/Rr/y+7X8XRX1ZnBYsQ/tTb+cj9TE+KHOdmlTFBxhYzVkP2lRByCzqi4jQ=="],

    "@resvg/resvg-js-win32-arm64-msvc": ["@resvg/resvg-js-win32-arm64-msvc@2.6.2", "", { "os": "win32", "cpu": "arm64" }, "sha512-7C/RSgCa+7vqZ7qAbItfiaAWhyRSoD4l4BQAbVDqRRsRgY+S+hgS3in0Rxr7IorKUpGE69X48q6/nOAuTJQxeQ=="],

    "@resvg/resvg-js-win32-ia32-msvc": ["@resvg/resvg-js-win32-ia32-msvc@2.6.2", "", { "os": "win32", "cpu": "ia32" }, "sha512-har4aPAlvjnLcil40AC77YDIk6loMawuJwFINEM7n0pZviwMkMvjb2W5ZirsNOZY4aDbo5tLx0wNMREp5Brk+w=="],

    "@resvg/resvg-js-win32-x64-msvc": ["@resvg/resvg-js-win32-x64-msvc@2.6.2", "", { "os": "win32", "cpu": "x64" }, "sha512-ZXtYhtUr5SSaBrUDq7DiyjOFJqBVL/dOBN7N/qmi/pO0IgiWW/f/ue3nbvu9joWE5aAKDoIzy/CxsY0suwGosQ=="],

    "@shikijs/core": ["@shikijs/core@4.2.0", "", { "dependencies": { "@shikijs/primitive": "4.2.0", "@shikijs/types": "4.2.0", "@shikijs/vscode-textmate": "^10.0.2", "@types/hast": "^3.0.4", "hast-util-to-html": "^9.0.5" } }, "sha512-Hc87Ab1Ld/vEbZRCbwx344I5v+4RU8CVToUTRkqXL1+TjbuOp9U5Xa0M23V4GEWHxVn+yO5otb+HkQVm3ptWQQ=="],

    "@shikijs/engine-javascript": ["@shikijs/engine-javascript@4.2.0", "", { "dependencies": { "@shikijs/types": "4.2.0", "@shikijs/vscode-textmate": "^10.0.2", "oniguruma-to-es": "^4.3.6" } }, "sha512-fjETeq1k5ffyXqRgS6+3hpvqseLalp1kjNfRbXpUgWR8FpZ1CmQfiNHovc5lncYjt/Vg5JK/WJEmLahjwMa0og=="],

    "@shikijs/engine-oniguruma": ["@shikijs/engine-oniguruma@4.2.0", "", { "dependencies": { "@shikijs/types": "4.2.0", "@shikijs/vscode-textmate": "^10.0.2" } }, "sha512-hTorK1dffPkpbMUk6Z+828PgRo7d07HbnizoP0hNPFjhxMHctj0Px/qoHeGMYafc6ju+u9iMldN4JbVzNQM++g=="],

    "@shikijs/langs": ["@shikijs/langs@4.2.0", "", { "dependencies": { "@shikijs/types": "4.2.0" } }, "sha512-bwrVRlJ0wUhZxAbVdvBbv2TTC9yLsh4C/IO5Ofz0T8MQntgDvyVnkbjw9vi50r1kx7RCIJdnJnjZAwmAsXFLZQ=="],

    "@shikijs/primitive": ["@shikijs/primitive@4.2.0", "", { "dependencies": { "@shikijs/types": "4.2.0", "@shikijs/vscode-textmate": "^10.0.2", "@types/hast": "^3.0.4" } }, "sha512-NOq+DtUkVBJtZMVXL5A0vI0Xk8nvDYaXetFHSJFlOqjDZIVhIPRYFdGkSoElDqNuegikcc3A76SNUa8dTqtAYA=="],

    "@shikijs/themes": ["@shikijs/themes@4.2.0", "", { "dependencies": { "@shikijs/types": "4.2.0" } }, "sha512-RX8IHYeLv8Cu2W6ruc3RxUqWn0IYCqSrMBzi/uRGAmfyDNOnNO5BF/Px7o97n4XTpmFTo5GbRaazuOWj+2ak2w=="],

    "@shikijs/types": ["@shikijs/types@4.2.0", "", { "dependencies": { "@shikijs/vscode-textmate": "^10.0.2", "@types/hast": "^3.0.4" } }, "sha512-VT/MKtlpOhEPZloSH3Pb9WCZEBDoQVMa9jedp5UAwmJOar1DVc9DRODAxmYPW9M93IK4ryuqRejFfmlvlVDemw=="],

    "@shikijs/vscode-textmate": ["@shikijs/vscode-textmate@10.0.2", "", {}, "sha512-83yeghZ2xxin3Nj8z1NMd/NCuca+gsYXswywDy5bHvwlWL8tpTQmzGeUuHd9FC3E/SBEMvzJRwWEOz5gGes9Qg=="],

    "@shuding/opentype.js": ["@shuding/opentype.js@1.4.0-beta.0", "", { "dependencies": { "fflate": "^0.7.3", "string.prototype.codepointat": "^0.2.1" }, "bin": { "ot": "bin/ot" } }, "sha512-3NgmNyH3l/Hv6EvsWJbsvpcpUba6R8IREQ83nH83cyakCw7uM1arZKNfHwv1Wz6jgqrF/j4x5ELvR6PnK9nTcA=="],

    "@types/hast": ["@types/hast@3.0.4", "", { "dependencies": { "@types/unist": "*" } }, "sha512-WPs+bbQw5aCj+x6laNGWLH3wviHtoCv/P3+otBhbOhJgG8qtpdAMlTCxLtsTWA7LH1Oh/bFCHsBn0TPS5m30EQ=="],

    "@types/mdast": ["@types/mdast@4.0.4", "", { "dependencies": { "@types/unist": "*" } }, "sha512-kGaNbPh1k7AFzgpud/gMdvIm5xuECykRR+JnWKQno9TAXVa6WIVCGTPvYGekIDL4uwCZQSYbUxNBSb1aUo79oA=="],

    "@types/unist": ["@types/unist@3.0.3", "", {}, "sha512-ko/gIFJRv177XgZsZcBwnqJN5x/Gien8qNOn0D5bQU/zAzVf9Zt3BlcUiLqhV9y4ARk0GbT3tnUiPNgnTXzc/Q=="],

    "@ungap/structured-clone": ["@ungap/structured-clone@1.3.1", "", {}, "sha512-mUFwbeTqrVgDQxFveS+df2yfap6iuP20NAKAsBt5jDEoOTDew+zwLAOilHCeQJOVSvmgCX4ogqIrA0mnyr08yQ=="],

    "base64-js": ["base64-js@0.0.8", "", {}, "sha512-3XSA2cR/h/73EzlXXdU6YNycmYI7+kicTxks4eJg2g39biHR84slg2+des+p7iHYhbRg/udIS4TD53WabcOUkw=="],

    "camelize": ["camelize@1.0.1", "", {}, "sha512-dU+Tx2fsypxTgtLoE36npi3UqcjSSMNYfkqgmoEhtZrraP5VWq0K7FkWVTYa8eMPtnU/G2txVsfdCJTn9uzpuQ=="],

    "ccount": ["ccount@2.0.1", "", {}, "sha512-eyrF0jiFpY+3drT6383f1qhkbGsLSifNAjA61IUjZjmLCWjItY6LB9ft9YhoDgwfmclB2zhu51Lc7+95b8NRAg=="],

    "character-entities-html4": ["character-entities-html4@2.1.0", "", {}, "sha512-1v7fgQRj6hnSwFpq1Eu0ynr/CDEw0rXo2B61qXrLNdHZmPKgb7fqS1a2JwF0rISo9q77jDI8VMEHoApn8qDoZA=="],

    "character-entities-legacy": ["character-entities-legacy@3.0.0", "", {}, "sha512-RpPp0asT/6ufRm//AJVwpViZbGM/MkjQFxJccQRHmISF/22NBtsHqAWmL+/pmkPWoIUJdWyeVleTl1wydHATVQ=="],

    "color-name": ["color-name@1.1.4", "", {}, "sha512-dOy+3AuW3a2wNbZHIuMZpTcgjGuLU/uBL/ubcZF9OXbDo8ff4O8yVp5Bf0efS8uEoYo5q4Fx7dY9OgQGXgAsQA=="],

    "comma-separated-tokens": ["comma-separated-tokens@2.0.3", "", {}, "sha512-Fu4hJdvzeylCfQPp9SGWidpzrMs7tTrlu6Vb8XGaRGck8QSNZJJp538Wrb60Lax4fPwR64ViY468OIUTbRlGZg=="],

    "css-background-parser": ["css-background-parser@0.1.0", "", {}, "sha512-2EZLisiZQ+7m4wwur/qiYJRniHX4K5Tc9w93MT3AS0WS1u5kaZ4FKXlOTBhOjc+CgEgPiGY+fX1yWD8UwpEqUA=="],

    "css-box-shadow": ["css-box-shadow@1.0.0-3", "", {}, "sha512-9jaqR6e7Ohds+aWwmhe6wILJ99xYQbfmK9QQB9CcMjDbTxPZjwEmUQpU91OG05Xgm8BahT5fW+svbsQGjS/zPg=="],

    "css-color-keywords": ["css-color-keywords@1.0.0", "", {}, "sha512-FyyrDHZKEjXDpNJYvVsV960FiqQyXc/LlYmsxl2BcdMb2WPx0OGRVgTg55rPSyLSNMqP52R9r8geSp7apN3Ofg=="],

    "css-gradient-parser": ["css-gradient-parser@0.0.17", "", {}, "sha512-w2Xy9UMMwlKtou0vlRnXvWglPAceXCTtcmVSo8ZBUvqCV5aXEFP/PC6d+I464810I9FT++UACwTD5511bmGPUg=="],

    "css-to-react-native": ["css-to-react-native@3.2.0", "", { "dependencies": { "camelize": "^1.0.0", "css-color-keywords": "^1.0.0", "postcss-value-parser": "^4.0.2" } }, "sha512-e8RKaLXMOFii+02mOlqwjbD00KSEKqblnpO9e++1aXS1fPQOpS1YoqdVHBqPjHNoxeF2mimzVqawm2KCbEdtHQ=="],

    "dequal": ["dequal@2.0.3", "", {}, "sha512-0je+qPKHEMohvfRTCEo3CrPG6cAzAYgmzKyxRiYSSDkS6eGJdyVJm7WaYA5ECaAD9wLB2T4EEeymA5aFVcYXCA=="],

    "devlop": ["devlop@1.1.0", "", { "dependencies": { "dequal": "^2.0.0" } }, "sha512-RWmIqhcFf1lRYBvNmr7qTNuyCt/7/ns2jbpp1+PalgE/rDQcBT0fioSMUpJ93irlUhC5hrg4cYqe6U+0ImW0rA=="],

    "emoji-regex-xs": ["emoji-regex-xs@2.0.1", "", {}, "sha512-1QFuh8l7LqUcKe24LsPUNzjrzJQ7pgRwp1QMcZ5MX6mFplk2zQ08NVCM84++1cveaUUYtcCYHmeFEuNg16sU4g=="],

    "escape-html": ["escape-html@1.0.3", "", {}, "sha512-NiSupZ4OeuGwr68lGIeym/ksIZMJodUGOSCZ/FSnTxcrekbvqrgdUxlJOMpijaKZVjAJrWrGs/6Jy8OMuyj9ow=="],

    "fflate": ["fflate@0.7.4", "", {}, "sha512-5u2V/CDW15QM1XbbgS+0DfPxVB+jUKhWEKuuFuHncbk3tEEqzmoXL+2KyOFuKGqOnmdIy0/davWF1CkuwtibCw=="],

    "hast-util-to-html": ["hast-util-to-html@9.0.5", "", { "dependencies": { "@types/hast": "^3.0.0", "@types/unist": "^3.0.0", "ccount": "^2.0.0", "comma-separated-tokens": "^2.0.0", "hast-util-whitespace": "^3.0.0", "html-void-elements": "^3.0.0", "mdast-util-to-hast": "^13.0.0", "property-information": "^7.0.0", "space-separated-tokens": "^2.0.0", "stringify-entities": "^4.0.0", "zwitch": "^2.0.4" } }, "sha512-OguPdidb+fbHQSU4Q4ZiLKnzWo8Wwsf5bZfbvu7//a9oTYoqD/fWpe96NuHkoS9h0ccGOTe0C4NGXdtS0iObOw=="],

    "hast-util-whitespace": ["hast-util-whitespace@3.0.0", "", { "dependencies": { "@types/hast": "^3.0.0" } }, "sha512-88JUN06ipLwsnv+dVn+OIYOvAuvBMy/Qoi6O7mQHxdPXpjy+Cd6xRkWwux7DKO+4sYILtLBRIKgsdpS2gQc7qw=="],

    "hex-rgb": ["hex-rgb@4.3.0", "", {}, "sha512-Ox1pJVrDCyGHMG9CFg1tmrRUMRPRsAWYc/PinY0XzJU4K7y7vjNoLKIQ7BR5UJMCxNN8EM1MNDmHWA/B3aZUuw=="],

    "html-void-elements": ["html-void-elements@3.0.0", "", {}, "sha512-bEqo66MRXsUGxWHV5IP0PUiAWwoEjba4VCzg0LjFJBpchPaTfyfCKTG6bc5F8ucKec3q5y6qOdGyYTSBEvhCrg=="],

    "linebreak": ["linebreak@1.1.0", "", { "dependencies": { "base64-js": "0.0.8", "unicode-trie": "^2.0.0" } }, "sha512-MHp03UImeVhB7XZtjd0E4n6+3xr5Dq/9xI/5FptGk5FrbDR3zagPa2DS6U8ks/3HjbKWG9Q1M2ufOzxV2qLYSQ=="],

    "marked": ["marked@18.0.5", "", { "bin": { "marked": "bin/marked.js" } }, "sha512-S6GcvALHg6K4ohtu4E7x0a1AqhAjp6cV8KhLSyN9qVapnzJkusVBxZRcIU9AeYsbe6P1hKDusSbEOzGyyuce6w=="],

    "marked-alert": ["marked-alert@2.1.2", "", { "peerDependencies": { "marked": ">=7.0.0" } }, "sha512-EFNRZ08d8L/iEIPLTlQMDjvwIsj03gxWCczYTht6DCiHJIZhMk4NK5gtPY9UqAYb09eV5VGT+jD4lp396E0I+w=="],

    "marked-footnote": ["marked-footnote@1.4.0", "", { "peerDependencies": { "marked": ">=7.0.0" } }, "sha512-fZTxAhI1TcLEs5UOjCfYfTHpyKGaWQevbxaGTEA68B51l7i87SctPFtHETYqPkEN0ka5opvy4Dy1l/yXVC+hmg=="],

    "marked-shiki": ["marked-shiki@1.2.1", "", { "peerDependencies": { "marked": ">=7.0.0", "shiki": ">=1.0.0" } }, "sha512-yHxYQhPY5oYaIRnROn98foKhuClark7M373/VpLxiy5TrDu9Jd/LsMwo8w+U91Up4oDb9IXFrP0N1MFRz8W/DQ=="],

    "marked-smartypants": ["marked-smartypants@1.1.12", "", { "dependencies": { "smartypants": "^0.2.2" }, "peerDependencies": { "marked": ">=4 <19" } }, "sha512-Z0QL2GpihbSeG5aaCrQxMEoqvngMftF/gq1SrdlCnbecUSrX3HYgPtCZzCW+OyNe2ideQqaFdxfGryqQX1MBDA=="],

    "mdast-util-to-hast": ["mdast-util-to-hast@13.2.1", "", { "dependencies": { "@types/hast": "^3.0.0", "@types/mdast": "^4.0.0", "@ungap/structured-clone": "^1.0.0", "devlop": "^1.0.0", "micromark-util-sanitize-uri": "^2.0.0", "trim-lines": "^3.0.0", "unist-util-position": "^5.0.0", "unist-util-visit": "^5.0.0", "vfile": "^6.0.0" } }, "sha512-cctsq2wp5vTsLIcaymblUriiTcZd0CwWtCbLvrOzYCDZoWyMNV8sZ7krj09FSnsiJi3WVsHLM4k6Dq/yaPyCXA=="],

    "micromark-util-character": ["micromark-util-character@2.1.1", "", { "dependencies": { "micromark-util-symbol": "^2.0.0", "micromark-util-types": "^2.0.0" } }, "sha512-wv8tdUTJ3thSFFFJKtpYKOYiGP2+v96Hvk4Tu8KpCAsTMs6yi+nVmGh1syvSCsaxz45J6Jbw+9DD6g97+NV67Q=="],

    "micromark-util-encode": ["micromark-util-encode@2.0.1", "", {}, "sha512-c3cVx2y4KqUnwopcO9b/SCdo2O67LwJJ/UyqGfbigahfegL9myoEFoDYZgkT7f36T0bLrM9hZTAaAyH+PCAXjw=="],

    "micromark-util-sanitize-uri": ["micromark-util-sanitize-uri@2.0.1", "", { "dependencies": { "micromark-util-character": "^2.0.0", "micromark-util-encode": "^2.0.0", "micromark-util-symbol": "^2.0.0" } }, "sha512-9N9IomZ/YuGGZZmQec1MbgxtlgougxTodVwDzzEouPKo3qFWvymFHWcnDi2vzV1ff6kas9ucW+o3yzJK9YB1AQ=="],

    "micromark-util-symbol": ["micromark-util-symbol@2.0.1", "", {}, "sha512-vs5t8Apaud9N28kgCrRUdEed4UJ+wWNvicHLPxCa9ENlYuAY31M0ETy5y1vA33YoNPDFTghEbnh6efaE8h4x0Q=="],

    "micromark-util-types": ["micromark-util-types@2.0.2", "", {}, "sha512-Yw0ECSpJoViF1qTU4DC6NwtC4aWGt1EkzaQB8KPPyCRR8z9TWeV0HbEFGTO+ZY1wB22zmxnJqhPyTpOVCpeHTA=="],

    "oniguruma-parser": ["oniguruma-parser@0.12.2", "", {}, "sha512-6HVa5oIrgMC6aA6WF6XyyqbhRPJrKR02L20+2+zpDtO5QAzGHAUGw5TKQvwi5vctNnRHkJYmjAhRVQF2EKdTQw=="],

    "oniguruma-to-es": ["oniguruma-to-es@4.3.6", "", { "dependencies": { "oniguruma-parser": "^0.12.2", "regex": "^6.1.0", "regex-recursion": "^6.0.2" } }, "sha512-csuQ9x3Yr0cEIs/Zgx/OEt9iBw9vqIunAPQkx19R/fiMq2oGVTgcMqO/V3Ybqefr1TBvosI6jU539ksaBULJyA=="],

    "pako": ["pako@0.2.9", "", {}, "sha512-NUcwaKxUxWrZLpDG+z/xZaCgQITkA/Dv4V/T6bw7VON6l1Xz/VnrBqrYjZQ12TamKHzITTfOEIYUj48y2KXImA=="],

    "parse-css-color": ["parse-css-color@0.2.1", "", { "dependencies": { "color-name": "^1.1.4", "hex-rgb": "^4.1.0" } }, "sha512-bwS/GGIFV3b6KS4uwpzCFj4w297Yl3uqnSgIPsoQkx7GMLROXfMnWvxfNkL0oh8HVhZA4hvJoEoEIqonfJ3BWg=="],

    "postcss-value-parser": ["postcss-value-parser@4.2.0", "", {}, "sha512-1NNCs6uurfkVbeXG4S8JFT9t19m45ICnif8zWLd5oPSZ50QnwMfK+H3jv408d4jw/7Bttv5axS5IiHoLaVNHeQ=="],

    "property-information": ["property-information@7.2.0", "", {}, "sha512-IAtzIB6sUiWaJYrX9smp3V46pBGbBeLFRGdh25kg1334VcBlD8HzhPeNIWQH9zhGmo2itIe25EHt9dQP7G5hmg=="],

    "regex": ["regex@6.1.0", "", { "dependencies": { "regex-utilities": "^2.3.0" } }, "sha512-6VwtthbV4o/7+OaAF9I5L5V3llLEsoPyq9P1JVXkedTP33c7MfCG0/5NOPcSJn0TzXcG9YUrR0gQSWioew3LDg=="],

    "regex-recursion": ["regex-recursion@6.0.2", "", { "dependencies": { "regex-utilities": "^2.3.0" } }, "sha512-0YCaSCq2VRIebiaUviZNs0cBz1kg5kVS2UKUfNIx8YVs1cN3AV7NTctO5FOKBA+UT2BPJIWZauYHPqJODG50cg=="],

    "regex-utilities": ["regex-utilities@2.3.0", "", {}, "sha512-8VhliFJAWRaUiVvREIiW2NXXTmHs4vMNnSzuJVhscgmGav3g9VDxLrQndI3dZZVVdp0ZO/5v0xmX516/7M9cng=="],

    "satori": ["satori@0.26.0", "", { "dependencies": { "@shuding/opentype.js": "1.4.0-beta.0", "css-background-parser": "^0.1.0", "css-box-shadow": "1.0.0-3", "css-gradient-parser": "^0.0.17", "css-to-react-native": "^3.0.0", "emoji-regex-xs": "^2.0.1", "escape-html": "^1.0.3", "linebreak": "^1.1.0", "parse-css-color": "^0.2.1", "postcss-value-parser": "^4.2.0", "yoga-layout": "^3.2.1" } }, "sha512-tkMFrfIs3l2mQ2JEcyW0ADTy3zGggFRFzi6Ef8YozQSFsFKEqaSO1Y8F9wJg4//PJGQauMalHGTUEkPrFwhVPA=="],

    "shiki": ["shiki@4.2.0", "", { "dependencies": { "@shikijs/core": "4.2.0", "@shikijs/engine-javascript": "4.2.0", "@shikijs/engine-oniguruma": "4.2.0", "@shikijs/langs": "4.2.0", "@shikijs/themes": "4.2.0", "@shikijs/types": "4.2.0", "@shikijs/vscode-textmate": "^10.0.2", "@types/hast": "^3.0.4" } }, "sha512-hjNax6o/ylDy9lefQEaSDtzaT3iVNtZ3WmpQnbuQNoG4xvnSKf2kSKbihZVO4JRG1TTMejs7CmNRYlWgAL66pQ=="],

    "smartypants": ["smartypants@0.2.2", "", { "bin": { "smartypants": "bin/smartypants.js", "smartypantsu": "bin/smartypantsu.js" } }, "sha512-TzobUYoEft/xBtb2voRPryAUIvYguG0V7Tt3de79I1WfXgCwelqVsGuZSnu3GFGRZhXR90AeEYIM+icuB/S06Q=="],

    "space-separated-tokens": ["space-separated-tokens@2.0.2", "", {}, "sha512-PEGlAwrG8yXGXRjW32fGbg66JAlOAwbObuqVoJpv/mRgoWDQfgH1wDPvtzWyUSNAXBGSk8h755YDbbcEy3SH2Q=="],

    "string.prototype.codepointat": ["string.prototype.codepointat@0.2.1", "", {}, "sha512-2cBVCj6I4IOvEnjgO/hWqXjqBGsY+zwPmHl12Srk9IXSZ56Jwwmy+66XO5Iut/oQVR7t5ihYdLB0GMa4alEUcg=="],

    "stringify-entities": ["stringify-entities@4.0.4", "", { "dependencies": { "character-entities-html4": "^2.0.0", "character-entities-legacy": "^3.0.0" } }, "sha512-IwfBptatlO+QCJUo19AqvrPNqlVMpW9YEL2LIVY+Rpv2qsjCGxaDLNRgeGsQWJhfItebuJhsGSLjaBbNSQ+ieg=="],

    "tiny-inflate": ["tiny-inflate@1.0.3", "", {}, "sha512-pkY1fj1cKHb2seWDy0B16HeWyczlJA9/WW3u3c4z/NiWDsO3DOU5D7nhTLE9CF0yXv/QZFY7sEJmj24dK+Rrqw=="],

    "trim-lines": ["trim-lines@3.0.1", "", {}, "sha512-kRj8B+YHZCc9kQYdWfJB2/oUl9rA99qbowYYBtr4ui4mZyAQ2JpvVBd/6U2YloATfqBhBTSMhTpgBHtU0Mf3Rg=="],

    "unicode-trie": ["unicode-trie@2.0.0", "", { "dependencies": { "pako": "^0.2.5", "tiny-inflate": "^1.0.0" } }, "sha512-x7bc76x0bm4prf1VLg79uhAzKw8DVboClSN5VxJuQ+LKDOVEW9CdH+VY7SP+vX7xCYQqzzgQpFqz15zeLvAtZQ=="],

    "unist-util-is": ["unist-util-is@6.0.1", "", { "dependencies": { "@types/unist": "^3.0.0" } }, "sha512-LsiILbtBETkDz8I9p1dQ0uyRUWuaQzd/cuEeS1hoRSyW5E5XGmTzlwY1OrNzzakGowI9Dr/I8HVaw4hTtnxy8g=="],

    "unist-util-position": ["unist-util-position@5.0.0", "", { "dependencies": { "@types/unist": "^3.0.0" } }, "sha512-fucsC7HjXvkB5R3kTCO7kUjRdrS0BJt3M/FPxmHMBOm8JQi2BsHAHFsy27E0EolP8rp0NzXsJ+jNPyDWvOJZPA=="],

    "unist-util-stringify-position": ["unist-util-stringify-position@4.0.0", "", { "dependencies": { "@types/unist": "^3.0.0" } }, "sha512-0ASV06AAoKCDkS2+xw5RXJywruurpbC4JZSm7nr7MOt1ojAzvyyaO+UxZf18j8FCF6kmzCZKcAgN/yu2gm2XgQ=="],

    "unist-util-visit": ["unist-util-visit@5.1.0", "", { "dependencies": { "@types/unist": "^3.0.0", "unist-util-is": "^6.0.0", "unist-util-visit-parents": "^6.0.0" } }, "sha512-m+vIdyeCOpdr/QeQCu2EzxX/ohgS8KbnPDgFni4dQsfSCtpz8UqDyY5GjRru8PDKuYn7Fq19j1CQ+nJSsGKOzg=="],

    "unist-util-visit-parents": ["unist-util-visit-parents@6.0.2", "", { "dependencies": { "@types/unist": "^3.0.0", "unist-util-is": "^6.0.0" } }, "sha512-goh1s1TBrqSqukSc8wrjwWhL0hiJxgA8m4kFxGlQ+8FYQ3C/m11FcTs4YYem7V664AhHVvgoQLk890Ssdsr2IQ=="],

    "vfile": ["vfile@6.0.3", "", { "dependencies": { "@types/unist": "^3.0.0", "vfile-message": "^4.0.0" } }, "sha512-KzIbH/9tXat2u30jf+smMwFCsno4wHVdNmzFyL+T/L3UGqqk6JKfVqOFOZEpZSHADH1k40ab6NUIXZq422ov3Q=="],

    "vfile-message": ["vfile-message@4.0.3", "", { "dependencies": { "@types/unist": "^3.0.0", "unist-util-stringify-position": "^4.0.0" } }, "sha512-QTHzsGd1EhbZs4AsQ20JX1rC3cOlt/IWJruk893DfLRr57lcnOeMaWG4K0JrRta4mIJZKth2Au3mM3u03/JWKw=="],

    "yoga-layout": ["yoga-layout@3.2.1", "", {}, "sha512-0LPOt3AxKqMdFBZA3HBAt/t/8vIKq7VaQYbuA8WxCgung+p9TVyKRYdpvCb80HcdTN2NkbIKbhNwKUfm3tQywQ=="],

    "zwitch": ["zwitch@2.0.4", "", {}, "sha512-bXE4cR/kVZhKZX/RjPEflHaKVhUVl85noU3v6b8apfQEc1x4A+zBxjZ4lN8LqGd6WZ3dl98pY4o717VFmoPp+A=="],
  }
}
